
Microsoft Visual Studio Solution File, Format Version 12.00
# Visual Studio 2012
Project("{FAE04EC0-301F-11D3-BF4B-00C04F79EFBC}") = "xUnit.ResultWriter", "xUnit.ResultWriter\xUnit.ResultWriter.csproj", "{6A7A976C-736F-455D-A0C3-D4E9354C745B}"
EndProject
Global
	GlobalSection(SolutionConfigurationPlatforms) = preSolution
		Debug|Any CPU = Debug|Any CPU
		Release|Any CPU = Release|Any CPU
	EndGlobalSection
	GlobalSection(ProjectConfigurationPlatforms) = postSolution
		{6A7A976C-736F-455D-A0C3-D4E9354C745B}.Debug|Any CPU.ActiveCfg = Debug|Any CPU
		{6A7A976C-736F-455D-A0C3-D4E9354C745B}.Debug|Any CPU.Build.0 = Debug|Any CPU
		{6A7A976C-736F-455D-A0C3-D4E9354C745B}.Release|Any CPU.ActiveCfg = Release|Any CPU
		{6A7A976C-736F-455D-A0C3-D4E9354C745B}.Release|Any CPU.Build.0 = Release|Any CPU
	EndGlobalSection
EndGlobal
